
Microsoft Visual Studio Solution File, Format Version 12.00
# Visual Studio Version 17
VisualStudioVersion = 17.1.32210.238
MinimumVisualStudioVersion = 10.0.40219.1
Project("{FAE04EC0-301F-11D3-BF4B-00C04F79EFBC}") = "uppgift 2.10", "uppgift 2.10\uppgift 2.10.csproj", "{6297481A-24CD-4C37-9D21-B2554FD425D3}"
EndProject
Global
	GlobalSection(SolutionConfigurationPlatforms) = preSolution
		Debug|Any CPU = Debug|Any CPU
		Release|Any CPU = Release|Any CPU
	EndGlobalSection
	GlobalSection(ProjectConfigurationPlatforms) = postSolution
		{6297481A-24CD-4C37-9D21-B2554FD425D3}.Debug|Any CPU.ActiveCfg = Debug|Any CPU
		{6297481A-24CD-4C37-9D21-B2554FD425D3}.Debug|Any CPU.Build.0 = Debug|Any CPU
		{6297481A-24CD-4C37-9D21-B2554FD425D3}.Release|Any CPU.ActiveCfg = Release|Any CPU
		{6297481A-24CD-4C37-9D21-B2554FD425D3}.Release|Any CPU.Build.0 = Release|Any CPU
	EndGlobalSection
	GlobalSection(SolutionProperties) = preSolution
		HideSolutionNode = FALSE
	EndGlobalSection
	GlobalSection(ExtensibilityGlobals) = postSolution
		SolutionGuid = {0968581C-2849-4524-8DCA-2C280B21622C}
	EndGlobalSection
EndGlobal
